
Microsoft Visual Studio Solution File, Format Version 12.00
# Visual Studio Version 16
VisualStudioVersion = 16.0.33130.400
MinimumVisualStudioVersion = 10.0.40219.1
Project("{FAE04EC0-301F-11D3-BF4B-00C04F79EFBC}") = "ControladoresYOperadores", "ControladoresYOperadores.csproj", "{D4527085-4539-4B84-BDC8-149AC266379A}"
EndProject
Global
	GlobalSection(SolutionConfigurationPlatforms) = preSolution
		Debug|Any CPU = Debug|Any CPU
		Release|Any CPU = Release|Any CPU
	EndGlobalSection
	GlobalSection(ProjectConfigurationPlatforms) = postSolution
		{D4527085-4539-4B84-BDC8-149AC266379A}.Debug|Any CPU.ActiveCfg = Debug|Any CPU
		{D4527085-4539-4B84-BDC8-149AC266379A}.Debug|Any CPU.Build.0 = Debug|Any CPU
		{D4527085-4539-4B84-BDC8-149AC266379A}.Release|Any CPU.ActiveCfg = Release|Any CPU
		{D4527085-4539-4B84-BDC8-149AC266379A}.Release|Any CPU.Build.0 = Release|Any CPU
	EndGlobalSection
	GlobalSection(SolutionProperties) = preSolution
		HideSolutionNode = FALSE
	EndGlobalSection
	GlobalSection(ExtensibilityGlobals) = postSolution
		SolutionGuid = {8516EBD8-6B10-4CB3-AA72-28CA6EBED2E4}
	EndGlobalSection
EndGlobal
